{
  "name": "equipo-03",
  "lockfileVersion": 3,
  "requires": true,
  "packages": {
    "": {
      "dependencies": {
        "sweetalert2": "^11.7.21"
      }
    },
    "node_modules/sweetalert2": {
      "version": "11.7.21",
      "resolved": "https://registry.npmjs.org/sweetalert2/-/sweetalert2-11.7.21.tgz",
      "integrity": "sha512-7CU2s2FmCrf/NNuHRINN79oaXB6PQbbG7CyZ9itmRuu9Q73ccCyFznFYwXzzxwusOUeLHkH4AlhavIDR2gE8Vw==",
      "funding": {
        "type": "individual",
        "url": "https://github.com/sponsors/limonte"
      }
    }
  }
}
